// !$*UTF8*$!
{
	archiveVersion = 1;
	classes = {
	};
	objectVersion = 55;
	objects = {

/* Begin PBXBuildFile section */
		AC2E5F3829B7446100365808 /* GetSingleProduct.swift in Sources */ = {isa = PBXBuildFile; fileRef = AC2E5F3729B7446100365808 /* GetSingleProduct.swift */; };
		AC3487D229B7504D00C52005 /* UIImageView+Ext.swift in Sources */ = {isa = PBXBuildFile; fileRef = AC3487D129B7504D00C52005 /* UIImageView+Ext.swift */; };
		AC3487D429BBCC2A00C52005 /* CartViewController.swift in Sources */ = {isa = PBXBuildFile; fileRef = AC3487D329BBCC2A00C52005 /* CartViewController.swift */; };
		AC3487D729BBDE0D00C52005 /* String+Ext.swift in Sources */ = {isa = PBXBuildFile; fileRef = AC3487D629BBDE0D00C52005 /* String+Ext.swift */; };
		AC3487D929BBDE2A00C52005 /* UIView+Ext.swift in Sources */ = {isa = PBXBuildFile; fileRef = AC3487D829BBDE2A00C52005 /* UIView+Ext.swift */; };
		AC34880329BE451B00C52005 /* Cosmos in Frameworks */ = {isa = PBXBuildFile; productRef = AC34880229BE451B00C52005 /* Cosmos */; };
		AC34884D29BF5E1200C52005 /* CustomImageView.swift in Sources */ = {isa = PBXBuildFile; fileRef = AC34884C29BF5E1200C52005 /* CustomImageView.swift */; };
		AC34884F29BF67A000C52005 /* CartCollectionViewCell.swift in Sources */ = {isa = PBXBuildFile; fileRef = AC34884E29BF67A000C52005 /* CartCollectionViewCell.swift */; };
		AC34887129C06D1C00C52005 /* UIButton+Ext.swift in Sources */ = {isa = PBXBuildFile; fileRef = AC34887029C06D1C00C52005 /* UIButton+Ext.swift */; };
		AC34887429C0701000C52005 /* RealmSwift in Frameworks */ = {isa = PBXBuildFile; productRef = AC34887329C0701000C52005 /* RealmSwift */; };
		AC34887729C0703C00C52005 /* CartProduct.swift in Sources */ = {isa = PBXBuildFile; fileRef = AC34887629C0703C00C52005 /* CartProduct.swift */; };
		AC34889B29C1F4BA00C52005 /* AnimatedButton.swift in Sources */ = {isa = PBXBuildFile; fileRef = AC34889A29C1F4BA00C52005 /* AnimatedButton.swift */; };
		AC3488C229C4863D00C52005 /* ContainerViewController.swift in Sources */ = {isa = PBXBuildFile; fileRef = AC3488C129C4863D00C52005 /* ContainerViewController.swift */; };
		AC3488C629C486B000C52005 /* MenuViewController.swift in Sources */ = {isa = PBXBuildFile; fileRef = AC3488C529C486B000C52005 /* MenuViewController.swift */; };
		AC3488C829C5C88500C52005 /* MenuTableViewCell.swift in Sources */ = {isa = PBXBuildFile; fileRef = AC3488C729C5C88500C52005 /* MenuTableViewCell.swift */; };
		AC3488CA29C5C8F500C52005 /* Menu.swift in Sources */ = {isa = PBXBuildFile; fileRef = AC3488C929C5C8F500C52005 /* Menu.swift */; };
		AC3488CC29C71E3C00C52005 /* ProfileViewController.swift in Sources */ = {isa = PBXBuildFile; fileRef = AC3488CB29C71E3B00C52005 /* ProfileViewController.swift */; };
		AC3488CE29C71E8700C52005 /* SettingsViewController.swift in Sources */ = {isa = PBXBuildFile; fileRef = AC3488CD29C71E8700C52005 /* SettingsViewController.swift */; };
		AC3488D029C71EA300C52005 /* FavoriteViewController.swift in Sources */ = {isa = PBXBuildFile; fileRef = AC3488CF29C71EA300C52005 /* FavoriteViewController.swift */; };
		AC3488D229C71EBB00C52005 /* AboutUsViewController.swift in Sources */ = {isa = PBXBuildFile; fileRef = AC3488D129C71EBB00C52005 /* AboutUsViewController.swift */; };
		AC3488D529C7243F00C52005 /* FavoriteCollectionViewCell.swift in Sources */ = {isa = PBXBuildFile; fileRef = AC3488D429C7243F00C52005 /* FavoriteCollectionViewCell.swift */; };
		AC3488D729C72BB400C52005 /* MenuCustomViewController.swift in Sources */ = {isa = PBXBuildFile; fileRef = AC3488D629C72BB400C52005 /* MenuCustomViewController.swift */; };
		AC3488D929C9ADD900C52005 /* Photo.swift in Sources */ = {isa = PBXBuildFile; fileRef = AC3488D829C9ADD800C52005 /* Photo.swift */; };
		ACE375E229B286A900FA918F /* AppDelegate.swift in Sources */ = {isa = PBXBuildFile; fileRef = ACE375E129B286A900FA918F /* AppDelegate.swift */; };
		ACE375E429B286A900FA918F /* SceneDelegate.swift in Sources */ = {isa = PBXBuildFile; fileRef = ACE375E329B286A900FA918F /* SceneDelegate.swift */; };
		ACE375E629B286A900FA918F /* HomeViewController.swift in Sources */ = {isa = PBXBuildFile; fileRef = ACE375E529B286A900FA918F /* HomeViewController.swift */; };
		ACE375EB29B286B000FA918F /* Assets.xcassets in Resources */ = {isa = PBXBuildFile; fileRef = ACE375EA29B286B000FA918F /* Assets.xcassets */; };
		ACE375EE29B286B000FA918F /* LaunchScreen.storyboard in Resources */ = {isa = PBXBuildFile; fileRef = ACE375EC29B286B000FA918F /* LaunchScreen.storyboard */; };
		ACE375F729B2889A00FA918F /* SnapKit in Frameworks */ = {isa = PBXBuildFile; productRef = ACE375F629B2889A00FA918F /* SnapKit */; };
		ACE375F929B28DB500FA918F /* HomeMainCollectionViewCell.swift in Sources */ = {isa = PBXBuildFile; fileRef = ACE375F829B28DB500FA918F /* HomeMainCollectionViewCell.swift */; };
		ACE375FB29B29A9900FA918F /* Product.swift in Sources */ = {isa = PBXBuildFile; fileRef = ACE375FA29B29A9800FA918F /* Product.swift */; };
		ACE375FF29B489B300FA918F /* NetworkHelper.swift in Sources */ = {isa = PBXBuildFile; fileRef = ACE375FE29B489B300FA918F /* NetworkHelper.swift */; };
		ACE3760129B489F500FA918F /* NetworkManager.swift in Sources */ = {isa = PBXBuildFile; fileRef = ACE3760029B489F500FA918F /* NetworkManager.swift */; };
		ACE3760429B48A7400FA918F /* Alamofire in Frameworks */ = {isa = PBXBuildFile; productRef = ACE3760329B48A7400FA918F /* Alamofire */; };
		ACE3760629B4931000FA918F /* GetProduct.swift in Sources */ = {isa = PBXBuildFile; fileRef = ACE3760529B4931000FA918F /* GetProduct.swift */; };
		ACE3760929B4F7AF00FA918F /* GetCategories.swift in Sources */ = {isa = PBXBuildFile; fileRef = ACE3760829B4F7AE00FA918F /* GetCategories.swift */; };
		ACE3760B29B6154E00FA918F /* HomeCategoryCollectionViewCell.swift in Sources */ = {isa = PBXBuildFile; fileRef = ACE3760A29B6154D00FA918F /* HomeCategoryCollectionViewCell.swift */; };
		ACE3760E29B62AE500FA918F /* DetailViewController.swift in Sources */ = {isa = PBXBuildFile; fileRef = ACE3760D29B62AE400FA918F /* DetailViewController.swift */; };
/* End PBXBuildFile section */

/* Begin PBXFileReference section */
		AC2E5F3729B7446100365808 /* GetSingleProduct.swift */ = {isa = PBXFileReference; lastKnownFileType = sourcecode.swift; path = GetSingleProduct.swift; sourceTree = "<group>"; };
		AC3487D129B7504D00C52005 /* UIImageView+Ext.swift */ = {isa = PBXFileReference; lastKnownFileType = sourcecode.swift; path = "UIImageView+Ext.swift"; sourceTree = "<group>"; };
		AC3487D329BBCC2A00C52005 /* CartViewController.swift */ = {isa = PBXFileReference; lastKnownFileType = sourcecode.swift; path = CartViewController.swift; sourceTree = "<group>"; };
		AC3487D629BBDE0D00C52005 /* String+Ext.swift */ = {isa = PBXFileReference; lastKnownFileType = sourcecode.swift; path = "String+Ext.swift"; sourceTree = "<group>"; };
		AC3487D829BBDE2A00C52005 /* UIView+Ext.swift */ = {isa = PBXFileReference; lastKnownFileType = sourcecode.swift; path = "UIView+Ext.swift"; sourceTree = "<group>"; };
		AC34884C29BF5E1200C52005 /* CustomImageView.swift */ = {isa = PBXFileReference; lastKnownFileType = sourcecode.swift; path = CustomImageView.swift; sourceTree = "<group>"; };
		AC34884E29BF67A000C52005 /* CartCollectionViewCell.swift */ = {isa = PBXFileReference; lastKnownFileType = sourcecode.swift; path = CartCollectionViewCell.swift; sourceTree = "<group>"; };
		AC34887029C06D1C00C52005 /* UIButton+Ext.swift */ = {isa = PBXFileReference; lastKnownFileType = sourcecode.swift; path = "UIButton+Ext.swift"; sourceTree = "<group>"; };
		AC34887629C0703C00C52005 /* CartProduct.swift */ = {isa = PBXFileReference; lastKnownFileType = sourcecode.swift; path = CartProduct.swift; sourceTree = "<group>"; };
		AC34889A29C1F4BA00C52005 /* AnimatedButton.swift */ = {isa = PBXFileReference; lastKnownFileType = sourcecode.swift; path = AnimatedButton.swift; sourceTree = "<group>"; };
		AC3488C129C4863D00C52005 /* ContainerViewController.swift */ = {isa = PBXFileReference; lastKnownFileType = sourcecode.swift; path = ContainerViewController.swift; sourceTree = "<group>"; };
		AC3488C529C486B000C52005 /* MenuViewController.swift */ = {isa = PBXFileReference; lastKnownFileType = sourcecode.swift; path = MenuViewController.swift; sourceTree = "<group>"; };
		AC3488C729C5C88500C52005 /* MenuTableViewCell.swift */ = {isa = PBXFileReference; lastKnownFileType = sourcecode.swift; path = MenuTableViewCell.swift; sourceTree = "<group>"; };
		AC3488C929C5C8F500C52005 /* Menu.swift */ = {isa = PBXFileReference; lastKnownFileType = sourcecode.swift; path = Menu.swift; sourceTree = "<group>"; };
		AC3488CB29C71E3B00C52005 /* ProfileViewController.swift */ = {isa = PBXFileReference; lastKnownFileType = sourcecode.swift; path = ProfileViewController.swift; sourceTree = "<group>"; };
		AC3488CD29C71E8700C52005 /* SettingsViewController.swift */ = {isa = PBXFileReference; lastKnownFileType = sourcecode.swift; path = SettingsViewController.swift; sourceTree = "<group>"; };
		AC3488CF29C71EA300C52005 /* FavoriteViewController.swift */ = {isa = PBXFileReference; lastKnownFileType = sourcecode.swift; path = FavoriteViewController.swift; sourceTree = "<group>"; };
		AC3488D129C71EBB00C52005 /* AboutUsViewController.swift */ = {isa = PBXFileReference; lastKnownFileType = sourcecode.swift; path = AboutUsViewController.swift; sourceTree = "<group>"; };
		AC3488D429C7243F00C52005 /* FavoriteCollectionViewCell.swift */ = {isa = PBXFileReference; lastKnownFileType = sourcecode.swift; path = FavoriteCollectionViewCell.swift; sourceTree = "<group>"; };
		AC3488D629C72BB400C52005 /* MenuCustomViewController.swift */ = {isa = PBXFileReference; lastKnownFileType = sourcecode.swift; path = MenuCustomViewController.swift; sourceTree = "<group>"; };
		AC3488D829C9ADD800C52005 /* Photo.swift */ = {isa = PBXFileReference; lastKnownFileType = sourcecode.swift; path = Photo.swift; sourceTree = "<group>"; };
		ACE375DE29B286A900FA918F /* FakeStore.app */ = {isa = PBXFileReference; explicitFileType = wrapper.application; includeInIndex = 0; path = FakeStore.app; sourceTree = BUILT_PRODUCTS_DIR; };
		ACE375E129B286A900FA918F /* AppDelegate.swift */ = {isa = PBXFileReference; lastKnownFileType = sourcecode.swift; path = AppDelegate.swift; sourceTree = "<group>"; };
		ACE375E329B286A900FA918F /* SceneDelegate.swift */ = {isa = PBXFileReference; lastKnownFileType = sourcecode.swift; path = SceneDelegate.swift; sourceTree = "<group>"; };
		ACE375E529B286A900FA918F /* HomeViewController.swift */ = {isa = PBXFileReference; lastKnownFileType = sourcecode.swift; path = HomeViewController.swift; sourceTree = "<group>"; };
		ACE375EA29B286B000FA918F /* Assets.xcassets */ = {isa = PBXFileReference; lastKnownFileType = folder.assetcatalog; path = Assets.xcassets; sourceTree = "<group>"; };
		ACE375ED29B286B000FA918F /* Base */ = {isa = PBXFileReference; lastKnownFileType = file.storyboard; name = Base; path = Base.lproj/LaunchScreen.storyboard; sourceTree = "<group>"; };
		ACE375EF29B286B000FA918F /* Info.plist */ = {isa = PBXFileReference; lastKnownFileType = text.plist.xml; path = Info.plist; sourceTree = "<group>"; };
		ACE375F829B28DB500FA918F /* HomeMainCollectionViewCell.swift */ = {isa = PBXFileReference; lastKnownFileType = sourcecode.swift; path = HomeMainCollectionViewCell.swift; sourceTree = "<group>"; };
		ACE375FA29B29A9800FA918F /* Product.swift */ = {isa = PBXFileReference; lastKnownFileType = sourcecode.swift; path = Product.swift; sourceTree = "<group>"; };
		ACE375FE29B489B300FA918F /* NetworkHelper.swift */ = {isa = PBXFileReference; lastKnownFileType = sourcecode.swift; path = NetworkHelper.swift; sourceTree = "<group>"; };
		ACE3760029B489F500FA918F /* NetworkManager.swift */ = {isa = PBXFileReference; lastKnownFileType = sourcecode.swift; path = NetworkManager.swift; sourceTree = "<group>"; };
		ACE3760529B4931000FA918F /* GetProduct.swift */ = {isa = PBXFileReference; lastKnownFileType = sourcecode.swift; path = GetProduct.swift; sourceTree = "<group>"; };
		ACE3760829B4F7AE00FA918F /* GetCategories.swift */ = {isa = PBXFileReference; lastKnownFileType = sourcecode.swift; path = GetCategories.swift; sourceTree = "<group>"; };
		ACE3760A29B6154D00FA918F /* HomeCategoryCollectionViewCell.swift */ = {isa = PBXFileReference; lastKnownFileType = sourcecode.swift; path = HomeCategoryCollectionViewCell.swift; sourceTree = "<group>"; };
		ACE3760D29B62AE400FA918F /* DetailViewController.swift */ = {isa = PBXFileReference; lastKnownFileType = sourcecode.swift; path = DetailViewController.swift; sourceTree = "<group>"; };
/* End PBXFileReference section */

/* Begin PBXFrameworksBuildPhase section */
		ACE375DB29B286A900FA918F /* Frameworks */ = {
			isa = PBXFrameworksBuildPhase;
			buildActionMask = 2147483647;
			files = (
				AC34887429C0701000C52005 /* RealmSwift in Frameworks */,
				AC34880329BE451B00C52005 /* Cosmos in Frameworks */,
				ACE375F729B2889A00FA918F /* SnapKit in Frameworks */,
				ACE3760429B48A7400FA918F /* Alamofire in Frameworks */,
			);
			runOnlyForDeploymentPostprocessing = 0;
		};
/* End PBXFrameworksBuildPhase section */

/* Begin PBXGroup section */
		AC2E5F3929B744D400365808 /* Model */ = {
			isa = PBXGroup;
			children = (
				ACE375FA29B29A9800FA918F /* Product.swift */,
			);
			path = Model;
			sourceTree = "<group>";
		};
		AC2E5F3A29B74F3E00365808 /* Extentions */ = {
			isa = PBXGroup;
			children = (
				AC3487D129B7504D00C52005 /* UIImageView+Ext.swift */,
				AC3487D629BBDE0D00C52005 /* String+Ext.swift */,
				AC3487D829BBDE2A00C52005 /* UIView+Ext.swift */,
				AC34887029C06D1C00C52005 /* UIButton+Ext.swift */,
			);
			path = Extentions;
			sourceTree = "<group>";
		};
		AC3487D529BBD71F00C52005 /* Cart */ = {
			isa = PBXGroup;
			children = (
				AC3487D329BBCC2A00C52005 /* CartViewController.swift */,
				AC34884E29BF67A000C52005 /* CartCollectionViewCell.swift */,
			);
			path = Cart;
			sourceTree = "<group>";
		};
		AC34884B29BF5DE700C52005 /* CustomWidgets */ = {
			isa = PBXGroup;
			children = (
				AC34884C29BF5E1200C52005 /* CustomImageView.swift */,
				AC34889A29C1F4BA00C52005 /* AnimatedButton.swift */,
				AC3488D629C72BB400C52005 /* MenuCustomViewController.swift */,
			);
			path = CustomWidgets;
			sourceTree = "<group>";
		};
		AC34887529C0702600C52005 /* Realm-Database */ = {
			isa = PBXGroup;
			children = (
				AC34887629C0703C00C52005 /* CartProduct.swift */,
				AC3488D829C9ADD800C52005 /* Photo.swift */,
			);
			path = "Realm-Database";
			sourceTree = "<group>";
		};
		AC3488C029C4861E00C52005 /* Container */ = {
			isa = PBXGroup;
			children = (
				AC3488C129C4863D00C52005 /* ContainerViewController.swift */,
			);
			path = Container;
			sourceTree = "<group>";
		};
		AC3488C329C4865500C52005 /* Menu */ = {
			isa = PBXGroup;
			children = (
				AC3488C529C486B000C52005 /* MenuViewController.swift */,
				AC3488C729C5C88500C52005 /* MenuTableViewCell.swift */,
				AC3488C929C5C8F500C52005 /* Menu.swift */,
				AC3488DD29C9AE7400C52005 /* Menu Items */,
			);
			path = Menu;
			sourceTree = "<group>";
		};
		AC3488C429C4865B00C52005 /* Home */ = {
			isa = PBXGroup;
			children = (
				ACE375E529B286A900FA918F /* HomeViewController.swift */,
				ACE375F829B28DB500FA918F /* HomeMainCollectionViewCell.swift */,
				ACE3760A29B6154D00FA918F /* HomeCategoryCollectionViewCell.swift */,
			);
			path = Home;
			sourceTree = "<group>";
		};
		AC3488D329C7241E00C52005 /* Favorite */ = {
			isa = PBXGroup;
			children = (
				AC3488CF29C71EA300C52005 /* FavoriteViewController.swift */,
				AC3488D429C7243F00C52005 /* FavoriteCollectionViewCell.swift */,
			);
			path = Favorite;
			sourceTree = "<group>";
		};
		AC3488DA29C9AE3400C52005 /* Profile */ = {
			isa = PBXGroup;
			children = (
				AC3488CB29C71E3B00C52005 /* ProfileViewController.swift */,
			);
			path = Profile;
			sourceTree = "<group>";
		};
		AC3488DB29C9AE4100C52005 /* Settings */ = {
			isa = PBXGroup;
			children = (
				AC3488CD29C71E8700C52005 /* SettingsViewController.swift */,
			);
			path = Settings;
			sourceTree = "<group>";
		};
		AC3488DC29C9AE4E00C52005 /* About Us */ = {
			isa = PBXGroup;
			children = (
				AC3488D129C71EBB00C52005 /* AboutUsViewController.swift */,
			);
			path = "About Us";
			sourceTree = "<group>";
		};
		AC3488DD29C9AE7400C52005 /* Menu Items */ = {
			isa = PBXGroup;
			children = (
				AC3488DB29C9AE4100C52005 /* Settings */,
				AC3488D329C7241E00C52005 /* Favorite */,
				AC3488DA29C9AE3400C52005 /* Profile */,
				AC3488DC29C9AE4E00C52005 /* About Us */,
			);
			path = "Menu Items";
			sourceTree = "<group>";
		};
		ACE375D529B286A800FA918F = {
			isa = PBXGroup;
			children = (
				ACE375E029B286A900FA918F /* FakeStore */,
				ACE375DF29B286A900FA918F /* Products */,
			);
			sourceTree = "<group>";
		};
		ACE375DF29B286A900FA918F /* Products */ = {
			isa = PBXGroup;
			children = (
				ACE375DE29B286A900FA918F /* FakeStore.app */,
			);
			name = Products;
			sourceTree = "<group>";
		};
		ACE375E029B286A900FA918F /* FakeStore */ = {
			isa = PBXGroup;
			children = (
				ACE375E129B286A900FA918F /* AppDelegate.swift */,
				ACE375E329B286A900FA918F /* SceneDelegate.swift */,
				AC34887529C0702600C52005 /* Realm-Database */,
				AC34884B29BF5DE700C52005 /* CustomWidgets */,
				AC2E5F3A29B74F3E00365808 /* Extentions */,
				AC2E5F3929B744D400365808 /* Model */,
				ACE375FC29B4898500FA918F /* Network Manager */,
				AC3487D529BBD71F00C52005 /* Cart */,
				ACE3760729B49C3F00FA918F /* Home */,
				ACE3760C29B62AB600FA918F /* Detail */,
				ACE375EA29B286B000FA918F /* Assets.xcassets */,
				ACE375EC29B286B000FA918F /* LaunchScreen.storyboard */,
				ACE375EF29B286B000FA918F /* Info.plist */,
			);
			path = FakeStore;
			sourceTree = "<group>";
		};
		ACE375FC29B4898500FA918F /* Network Manager */ = {
			isa = PBXGroup;
			children = (
				ACE375FD29B4899600FA918F /* Core */,
			);
			path = "Network Manager";
			sourceTree = "<group>";
		};
		ACE375FD29B4899600FA918F /* Core */ = {
			isa = PBXGroup;
			children = (
				ACE375FE29B489B300FA918F /* NetworkHelper.swift */,
				ACE3760029B489F500FA918F /* NetworkManager.swift */,
				AC2E5F3729B7446100365808 /* GetSingleProduct.swift */,
				ACE3760529B4931000FA918F /* GetProduct.swift */,
				ACE3760829B4F7AE00FA918F /* GetCategories.swift */,
			);
			path = Core;
			sourceTree = "<group>";
		};
		ACE3760729B49C3F00FA918F /* Home */ = {
			isa = PBXGroup;
			children = (
				AC3488C429C4865B00C52005 /* Home */,
				AC3488C329C4865500C52005 /* Menu */,
				AC3488C029C4861E00C52005 /* Container */,
			);
			path = Home;
			sourceTree = "<group>";
		};
		ACE3760C29B62AB600FA918F /* Detail */ = {
			isa = PBXGroup;
			children = (
				ACE3760D29B62AE400FA918F /* DetailViewController.swift */,
			);
			path = Detail;
			sourceTree = "<group>";
		};
/* End PBXGroup section */

/* Begin PBXNativeTarget section */
		ACE375DD29B286A900FA918F /* FakeStore */ = {
			isa = PBXNativeTarget;
			buildConfigurationList = ACE375F229B286B000FA918F /* Build configuration list for PBXNativeTarget "FakeStore" */;
			buildPhases = (
				ACE375DA29B286A900FA918F /* Sources */,
				ACE375DB29B286A900FA918F /* Frameworks */,
				ACE375DC29B286A900FA918F /* Resources */,
			);
			buildRules = (
			);
			dependencies = (
			);
			name = FakeStore;
			packageProductDependencies = (
				ACE375F629B2889A00FA918F /* SnapKit */,
				ACE3760329B48A7400FA918F /* Alamofire */,
				AC34880229BE451B00C52005 /* Cosmos */,
				AC34887329C0701000C52005 /* RealmSwift */,
			);
			productName = FakeStore;
			productReference = ACE375DE29B286A900FA918F /* FakeStore.app */;
			productType = "com.apple.product-type.application";
		};
/* End PBXNativeTarget section */

/* Begin PBXProject section */
		ACE375D629B286A800FA918F /* Project object */ = {
			isa = PBXProject;
			attributes = {
				BuildIndependentTargetsInParallel = 1;
				LastSwiftUpdateCheck = 1340;
				LastUpgradeCheck = 1340;
				TargetAttributes = {
					ACE375DD29B286A900FA918F = {
						CreatedOnToolsVersion = 13.4.1;
					};
				};
			};
			buildConfigurationList = ACE375D929B286A900FA918F /* Build configuration list for PBXProject "FakeStore" */;
			compatibilityVersion = "Xcode 13.0";
			developmentRegion = en;
			hasScannedForEncodings = 0;
			knownRegions = (
				en,
				Base,
			);
			mainGroup = ACE375D529B286A800FA918F;
			packageReferences = (
				ACE375F529B2889A00FA918F /* XCRemoteSwiftPackageReference "SnapKit" */,
				ACE3760229B48A7400FA918F /* XCRemoteSwiftPackageReference "Alamofire" */,
				AC34880129BE451B00C52005 /* XCRemoteSwiftPackageReference "Cosmos" */,
				AC34887229C0701000C52005 /* XCRemoteSwiftPackageReference "realm-swift" */,
			);
			productRefGroup = ACE375DF29B286A900FA918F /* Products */;
			projectDirPath = "";
			projectRoot = "";
			targets = (
				ACE375DD29B286A900FA918F /* FakeStore */,
			);
		};
/* End PBXProject section */

/* Begin PBXResourcesBuildPhase section */
		ACE375DC29B286A900FA918F /* Resources */ = {
			isa = PBXResourcesBuildPhase;
			buildActionMask = 2147483647;
			files = (
				ACE375EE29B286B000FA918F /* LaunchScreen.storyboard in Resources */,
				ACE375EB29B286B000FA918F /* Assets.xcassets in Resources */,
			);
			runOnlyForDeploymentPostprocessing = 0;
		};
/* End PBXResourcesBuildPhase section */

/* Begin PBXSourcesBuildPhase section */
		ACE375DA29B286A900FA918F /* Sources */ = {
			isa = PBXSourcesBuildPhase;
			buildActionMask = 2147483647;
			files = (
				AC34887729C0703C00C52005 /* CartProduct.swift in Sources */,
				AC3487D929BBDE2A00C52005 /* UIView+Ext.swift in Sources */,
				AC3488C829C5C88500C52005 /* MenuTableViewCell.swift in Sources */,
				AC34884D29BF5E1200C52005 /* CustomImageView.swift in Sources */,
				AC3488D529C7243F00C52005 /* FavoriteCollectionViewCell.swift in Sources */,
				AC2E5F3829B7446100365808 /* GetSingleProduct.swift in Sources */,
				ACE3760E29B62AE500FA918F /* DetailViewController.swift in Sources */,
				AC3488D729C72BB400C52005 /* MenuCustomViewController.swift in Sources */,
				AC3487D429BBCC2A00C52005 /* CartViewController.swift in Sources */,
				AC3487D729BBDE0D00C52005 /* String+Ext.swift in Sources */,
				AC34884F29BF67A000C52005 /* CartCollectionViewCell.swift in Sources */,
				AC3487D229B7504D00C52005 /* UIImageView+Ext.swift in Sources */,
				AC3488D029C71EA300C52005 /* FavoriteViewController.swift in Sources */,
				AC3488CC29C71E3C00C52005 /* ProfileViewController.swift in Sources */,
				AC34887129C06D1C00C52005 /* UIButton+Ext.swift in Sources */,
				ACE375E629B286A900FA918F /* HomeViewController.swift in Sources */,
				AC3488D929C9ADD900C52005 /* Photo.swift in Sources */,
				ACE3760B29B6154E00FA918F /* HomeCategoryCollectionViewCell.swift in Sources */,
				ACE375E229B286A900FA918F /* AppDelegate.swift in Sources */,
				AC3488CA29C5C8F500C52005 /* Menu.swift in Sources */,
				ACE3760929B4F7AF00FA918F /* GetCategories.swift in Sources */,
				AC3488D229C71EBB00C52005 /* AboutUsViewController.swift in Sources */,
				AC3488C229C4863D00C52005 /* ContainerViewController.swift in Sources */,
				ACE375FB29B29A9900FA918F /* Product.swift in Sources */,
				ACE3760129B489F500FA918F /* NetworkManager.swift in Sources */,
				AC34889B29C1F4BA00C52005 /* AnimatedButton.swift in Sources */,
				ACE3760629B4931000FA918F /* GetProduct.swift in Sources */,
				ACE375E429B286A900FA918F /* SceneDelegate.swift in Sources */,
				ACE375FF29B489B300FA918F /* NetworkHelper.swift in Sources */,
				ACE375F929B28DB500FA918F /* HomeMainCollectionViewCell.swift in Sources */,
				AC3488C629C486B000C52005 /* MenuViewController.swift in Sources */,
				AC3488CE29C71E8700C52005 /* SettingsViewController.swift in Sources */,
			);
			runOnlyForDeploymentPostprocessing = 0;
		};
/* End PBXSourcesBuildPhase section */

/* Begin PBXVariantGroup section */
		ACE375EC29B286B000FA918F /* LaunchScreen.storyboard */ = {
			isa = PBXVariantGroup;
			children = (
				ACE375ED29B286B000FA918F /* Base */,
			);
			name = LaunchScreen.storyboard;
			sourceTree = "<group>";
		};
/* End PBXVariantGroup section */

/* Begin XCBuildConfiguration section */
		ACE375F029B286B000FA918F /* Debug */ = {
			isa = XCBuildConfiguration;
			buildSettings = {
				ALWAYS_SEARCH_USER_PATHS = NO;
				CLANG_ANALYZER_NONNULL = YES;
				CLANG_ANALYZER_NUMBER_OBJECT_CONVERSION = YES_AGGRESSIVE;
				CLANG_CXX_LANGUAGE_STANDARD = "gnu++17";
				CLANG_ENABLE_MODULES = YES;
				CLANG_ENABLE_OBJC_ARC = YES;
				CLANG_ENABLE_OBJC_WEAK = YES;
				CLANG_WARN_BLOCK_CAPTURE_AUTORELEASING = YES;
				CLANG_WARN_BOOL_CONVERSION = YES;
				CLANG_WARN_COMMA = YES;
				CLANG_WARN_CONSTANT_CONVERSION = YES;
				CLANG_WARN_DEPRECATED_OBJC_IMPLEMENTATIONS = YES;
				CLANG_WARN_DIRECT_OBJC_ISA_USAGE = YES_ERROR;
				CLANG_WARN_DOCUMENTATION_COMMENTS = YES;
				CLANG_WARN_EMPTY_BODY = YES;
				CLANG_WARN_ENUM_CONVERSION = YES;
				CLANG_WARN_INFINITE_RECURSION = YES;
				CLANG_WARN_INT_CONVERSION = YES;
				CLANG_WARN_NON_LITERAL_NULL_CONVERSION = YES;
				CLANG_WARN_OBJC_IMPLICIT_RETAIN_SELF = YES;
				CLANG_WARN_OBJC_LITERAL_CONVERSION = YES;
				CLANG_WARN_OBJC_ROOT_CLASS = YES_ERROR;
				CLANG_WARN_QUOTED_INCLUDE_IN_FRAMEWORK_HEADER = YES;
				CLANG_WARN_RANGE_LOOP_ANALYSIS = YES;
				CLANG_WARN_STRICT_PROTOTYPES = YES;
				CLANG_WARN_SUSPICIOUS_MOVE = YES;
				CLANG_WARN_UNGUARDED_AVAILABILITY = YES_AGGRESSIVE;
				CLANG_WARN_UNREACHABLE_CODE = YES;
				CLANG_WARN__DUPLICATE_METHOD_MATCH = YES;
				COPY_PHASE_STRIP = NO;
				DEBUG_INFORMATION_FORMAT = dwarf;
				ENABLE_STRICT_OBJC_MSGSEND = YES;
				ENABLE_TESTABILITY = YES;
				GCC_C_LANGUAGE_STANDARD = gnu11;
				GCC_DYNAMIC_NO_PIC = NO;
				GCC_NO_COMMON_BLOCKS = YES;
				GCC_OPTIMIZATION_LEVEL = 0;
				GCC_PREPROCESSOR_DEFINITIONS = (
					"DEBUG=1",
					"$(inherited)",
				);
				GCC_WARN_64_TO_32_BIT_CONVERSION = YES;
				GCC_WARN_ABOUT_RETURN_TYPE = YES_ERROR;
				GCC_WARN_UNDECLARED_SELECTOR = YES;
				GCC_WARN_UNINITIALIZED_AUTOS = YES_AGGRESSIVE;
				GCC_WARN_UNUSED_FUNCTION = YES;
				GCC_WARN_UNUSED_VARIABLE = YES;
				IPHONEOS_DEPLOYMENT_TARGET = 15.5;
				MTL_ENABLE_DEBUG_INFO = INCLUDE_SOURCE;
				MTL_FAST_MATH = YES;
				ONLY_ACTIVE_ARCH = YES;
				SDKROOT = iphoneos;
				SWIFT_ACTIVE_COMPILATION_CONDITIONS = DEBUG;
				SWIFT_OPTIMIZATION_LEVEL = "-Onone";
			};
			name = Debug;
		};
		ACE375F129B286B000FA918F /* Release */ = {
			isa = XCBuildConfiguration;
			buildSettings = {
				ALWAYS_SEARCH_USER_PATHS = NO;
				CLANG_ANALYZER_NONNULL = YES;
				CLANG_ANALYZER_NUMBER_OBJECT_CONVERSION = YES_AGGRESSIVE;
				CLANG_CXX_LANGUAGE_STANDARD = "gnu++17";
				CLANG_ENABLE_MODULES = YES;
				CLANG_ENABLE_OBJC_ARC = YES;
				CLANG_ENABLE_OBJC_WEAK = YES;
				CLANG_WARN_BLOCK_CAPTURE_AUTORELEASING = YES;
				CLANG_WARN_BOOL_CONVERSION = YES;
				CLANG_WARN_COMMA = YES;
				CLANG_WARN_CONSTANT_CONVERSION = YES;
				CLANG_WARN_DEPRECATED_OBJC_IMPLEMENTATIONS = YES;
				CLANG_WARN_DIRECT_OBJC_ISA_USAGE = YES_ERROR;
				CLANG_WARN_DOCUMENTATION_COMMENTS = YES;
				CLANG_WARN_EMPTY_BODY = YES;
				CLANG_WARN_ENUM_CONVERSION = YES;
				CLANG_WARN_INFINITE_RECURSION = YES;
				CLANG_WARN_INT_CONVERSION = YES;
				CLANG_WARN_NON_LITERAL_NULL_CONVERSION = YES;
				CLANG_WARN_OBJC_IMPLICIT_RETAIN_SELF = YES;
				CLANG_WARN_OBJC_LITERAL_CONVERSION = YES;
				CLANG_WARN_OBJC_ROOT_CLASS = YES_ERROR;
				CLANG_WARN_QUOTED_INCLUDE_IN_FRAMEWORK_HEADER = YES;
				CLANG_WARN_RANGE_LOOP_ANALYSIS = YES;
				CLANG_WARN_STRICT_PROTOTYPES = YES;
				CLANG_WARN_SUSPICIOUS_MOVE = YES;
				CLANG_WARN_UNGUARDED_AVAILABILITY = YES_AGGRESSIVE;
				CLANG_WARN_UNREACHABLE_CODE = YES;
				CLANG_WARN__DUPLICATE_METHOD_MATCH = YES;
				COPY_PHASE_STRIP = NO;
				DEBUG_INFORMATION_FORMAT = "dwarf-with-dsym";
				ENABLE_NS_ASSERTIONS = NO;
				ENABLE_STRICT_OBJC_MSGSEND = YES;
				GCC_C_LANGUAGE_STANDARD = gnu11;
				GCC_NO_COMMON_BLOCKS = YES;
				GCC_WARN_64_TO_32_BIT_CONVERSION = YES;
				GCC_WARN_ABOUT_RETURN_TYPE = YES_ERROR;
				GCC_WARN_UNDECLARED_SELECTOR = YES;
				GCC_WARN_UNINITIALIZED_AUTOS = YES_AGGRESSIVE;
				GCC_WARN_UNUSED_FUNCTION = YES;
				GCC_WARN_UNUSED_VARIABLE = YES;
				IPHONEOS_DEPLOYMENT_TARGET = 15.5;
				MTL_ENABLE_DEBUG_INFO = NO;
				MTL_FAST_MATH = YES;
				SDKROOT = iphoneos;
				SWIFT_COMPILATION_MODE = wholemodule;
				SWIFT_OPTIMIZATION_LEVEL = "-O";
				VALIDATE_PRODUCT = YES;
			};
			name = Release;
		};
		ACE375F329B286B000FA918F /* Debug */ = {
			isa = XCBuildConfiguration;
			buildSettings = {
				ASSETCATALOG_COMPILER_APPICON_NAME = AppIcon;
				ASSETCATALOG_COMPILER_GLOBAL_ACCENT_COLOR_NAME = AccentColor;
				CODE_SIGN_STYLE = Automatic;
				CURRENT_PROJECT_VERSION = 1;
				DEVELOPMENT_TEAM = J7WDD62VCL;
				GENERATE_INFOPLIST_FILE = YES;
				INFOPLIST_FILE = FakeStore/Info.plist;
				INFOPLIST_KEY_UIApplicationSupportsIndirectInputEvents = YES;
				INFOPLIST_KEY_UILaunchStoryboardName = LaunchScreen;
				INFOPLIST_KEY_UISupportedInterfaceOrientations_iPad = "UIInterfaceOrientationPortrait UIInterfaceOrientationPortraitUpsideDown UIInterfaceOrientationLandscapeLeft UIInterfaceOrientationLandscapeRight";
				INFOPLIST_KEY_UISupportedInterfaceOrientations_iPhone = "UIInterfaceOrientationPortrait UIInterfaceOrientationLandscapeLeft UIInterfaceOrientationLandscapeRight";
				LD_RUNPATH_SEARCH_PATHS = (
					"$(inherited)",
					"@executable_path/Frameworks",
				);
				MARKETING_VERSION = 1.0;
				PRODUCT_BUNDLE_IDENTIFIER = com.muhsincanyilmaz.FakeStore;
				PRODUCT_NAME = "$(TARGET_NAME)";
				SWIFT_EMIT_LOC_STRINGS = YES;
				SWIFT_VERSION = 5.0;
				TARGETED_DEVICE_FAMILY = "1,2";
			};
			name = Debug;
		};
		ACE375F429B286B000FA918F /* Release */ = {
			isa = XCBuildConfiguration;
			buildSettings = {
				ASSETCATALOG_COMPILER_APPICON_NAME = AppIcon;
				ASSETCATALOG_COMPILER_GLOBAL_ACCENT_COLOR_NAME = AccentColor;
				CODE_SIGN_STYLE = Automatic;
				CURRENT_PROJECT_VERSION = 1;
				DEVELOPMENT_TEAM = J7WDD62VCL;
				GENERATE_INFOPLIST_FILE = YES;
				INFOPLIST_FILE = FakeStore/Info.plist;
				INFOPLIST_KEY_UIApplicationSupportsIndirectInputEvents = YES;
				INFOPLIST_KEY_UILaunchStoryboardName = LaunchScreen;
				INFOPLIST_KEY_UISupportedInterfaceOrientations_iPad = "UIInterfaceOrientationPortrait UIInterfaceOrientationPortraitUpsideDown UIInterfaceOrientationLandscapeLeft UIInterfaceOrientationLandscapeRight";
				INFOPLIST_KEY_UISupportedInterfaceOrientations_iPhone = "UIInterfaceOrientationPortrait UIInterfaceOrientationLandscapeLeft UIInterfaceOrientationLandscapeRight";
				LD_RUNPATH_SEARCH_PATHS = (
					"$(inherited)",
					"@executable_path/Frameworks",
				);
				MARKETING_VERSION = 1.0;
				PRODUCT_BUNDLE_IDENTIFIER = com.muhsincanyilmaz.FakeStore;
				PRODUCT_NAME = "$(TARGET_NAME)";
				SWIFT_EMIT_LOC_STRINGS = YES;
				SWIFT_VERSION = 5.0;
				TARGETED_DEVICE_FAMILY = "1,2";
			};
			name = Release;
		};
/* End XCBuildConfiguration section */

/* Begin XCConfigurationList section */
		ACE375D929B286A900FA918F /* Build configuration list for PBXProject "FakeStore" */ = {
			isa = XCConfigurationList;
			buildConfigurations = (
				ACE375F029B286B000FA918F /* Debug */,
				ACE375F129B286B000FA918F /* Release */,
			);
			defaultConfigurationIsVisible = 0;
			defaultConfigurationName = Release;
		};
		ACE375F229B286B000FA918F /* Build configuration list for PBXNativeTarget "FakeStore" */ = {
			isa = XCConfigurationList;
			buildConfigurations = (
				ACE375F329B286B000FA918F /* Debug */,
				ACE375F429B286B000FA918F /* Release */,
			);
			defaultConfigurationIsVisible = 0;
			defaultConfigurationName = Release;
		};
/* End XCConfigurationList section */

/* Begin XCRemoteSwiftPackageReference section */
		AC34880129BE451B00C52005 /* XCRemoteSwiftPackageReference "Cosmos" */ = {
			isa = XCRemoteSwiftPackageReference;
			repositoryURL = "https://github.com/evgenyneu/Cosmos.git";
			requirement = {
				branch = master;
				kind = branch;
			};
		};
		AC34887229C0701000C52005 /* XCRemoteSwiftPackageReference "realm-swift" */ = {
			isa = XCRemoteSwiftPackageReference;
			repositoryURL = "https://github.com/realm/realm-swift.git";
			requirement = {
				branch = master;
				kind = branch;
			};
		};
		ACE375F529B2889A00FA918F /* XCRemoteSwiftPackageReference "SnapKit" */ = {
			isa = XCRemoteSwiftPackageReference;
			repositoryURL = "https://github.com/SnapKit/SnapKit";
			requirement = {
				branch = develop;
				kind = branch;
			};
		};
		ACE3760229B48A7400FA918F /* XCRemoteSwiftPackageReference "Alamofire" */ = {
			isa = XCRemoteSwiftPackageReference;
			repositoryURL = "https://github.com/Alamofire/Alamofire.git";
			requirement = {
				kind = upToNextMajorVersion;
				minimumVersion = 5.0.0;
			};
		};
/* End XCRemoteSwiftPackageReference section */

/* Begin XCSwiftPackageProductDependency section */
		AC34880229BE451B00C52005 /* Cosmos */ = {
			isa = XCSwiftPackageProductDependency;
			package = AC34880129BE451B00C52005 /* XCRemoteSwiftPackageReference "Cosmos" */;
			productName = Cosmos;
		};
		AC34887329C0701000C52005 /* RealmSwift */ = {
			isa = XCSwiftPackageProductDependency;
			package = AC34887229C0701000C52005 /* XCRemoteSwiftPackageReference "realm-swift" */;
			productName = RealmSwift;
		};
		ACE375F629B2889A00FA918F /* SnapKit */ = {
			isa = XCSwiftPackageProductDependency;
			package = ACE375F529B2889A00FA918F /* XCRemoteSwiftPackageReference "SnapKit" */;
			productName = SnapKit;
		};
		ACE3760329B48A7400FA918F /* Alamofire */ = {
			isa = XCSwiftPackageProductDependency;
			package = ACE3760229B48A7400FA918F /* XCRemoteSwiftPackageReference "Alamofire" */;
			productName = Alamofire;
		};
/* End XCSwiftPackageProductDependency section */
	};
	rootObject = ACE375D629B286A800FA918F /* Project object */;
}
